
Microsoft Visual Studio Solution File, Format Version 12.00
# Visual Studio Version 17
VisualStudioVersion = 17.14.36203.30 d17.14
MinimumVisualStudioVersion = 10.0.40219.1
Project("{FAE04EC0-301F-11D3-BF4B-00C04F79EFBC}") = "HDLeon_001_creacion_de_objetos", "HDLeon_001_creacion_de_objetos\HDLeon_001_creacion_de_objetos.csproj", "{9882E833-066A-4ECA-8549-9F4CCDA69C60}"
EndProject
Global
	GlobalSection(SolutionConfigurationPlatforms) = preSolution
		Debug|Any CPU = Debug|Any CPU
		Release|Any CPU = Release|Any CPU
	EndGlobalSection
	GlobalSection(ProjectConfigurationPlatforms) = postSolution
		{9882E833-066A-4ECA-8549-9F4CCDA69C60}.Debug|Any CPU.ActiveCfg = Debug|Any CPU
		{9882E833-066A-4ECA-8549-9F4CCDA69C60}.Debug|Any CPU.Build.0 = Debug|Any CPU
		{9882E833-066A-4ECA-8549-9F4CCDA69C60}.Release|Any CPU.ActiveCfg = Release|Any CPU
		{9882E833-066A-4ECA-8549-9F4CCDA69C60}.Release|Any CPU.Build.0 = Release|Any CPU
	EndGlobalSection
	GlobalSection(SolutionProperties) = preSolution
		HideSolutionNode = FALSE
	EndGlobalSection
	GlobalSection(ExtensibilityGlobals) = postSolution
		SolutionGuid = {371ADE97-9690-424C-BDFD-21146704FED3}
	EndGlobalSection
EndGlobal
