
Microsoft Visual Studio Solution File, Format Version 12.00
# Visual Studio Version 17
VisualStudioVersion = 17.1.32407.343
MinimumVisualStudioVersion = 10.0.40219.1
Project("{FAE04EC0-301F-11D3-BF4B-00C04F79EFBC}") = "SquareArea", "SquareArea\SquareArea.csproj", "{82A65C70-D034-4507-8CA4-715346800348}"
EndProject
Global
	GlobalSection(SolutionConfigurationPlatforms) = preSolution
		Debug|Any CPU = Debug|Any CPU
		Release|Any CPU = Release|Any CPU
	EndGlobalSection
	GlobalSection(ProjectConfigurationPlatforms) = postSolution
		{82A65C70-D034-4507-8CA4-715346800348}.Debug|Any CPU.ActiveCfg = Debug|Any CPU
		{82A65C70-D034-4507-8CA4-715346800348}.Debug|Any CPU.Build.0 = Debug|Any CPU
		{82A65C70-D034-4507-8CA4-715346800348}.Release|Any CPU.ActiveCfg = Release|Any CPU
		{82A65C70-D034-4507-8CA4-715346800348}.Release|Any CPU.Build.0 = Release|Any CPU
	EndGlobalSection
	GlobalSection(SolutionProperties) = preSolution
		HideSolutionNode = FALSE
	EndGlobalSection
	GlobalSection(ExtensibilityGlobals) = postSolution
		SolutionGuid = {B1CC6AC7-E72F-4F85-915A-50F77497A146}
	EndGlobalSection
EndGlobal
